
Microsoft Visual Studio Solution File, Format Version 12.00
# Visual Studio Version 17
VisualStudioVersion = 17.10.35122.118
MinimumVisualStudioVersion = 10.0.40219.1
Project("{FAE04EC0-301F-11D3-BF4B-00C04F79EFBC}") = "MAUI.App", "MAUI.App\MAUI.App.csproj", "{18FA2B55-51A5-45B9-8236-BBA7BFA2FAD7}"
EndProject
Project("{FAE04EC0-301F-11D3-BF4B-00C04F79EFBC}") = "MAUI.ApiServer", "MAUI.ApiServer\MAUI.ApiServer.csproj", "{B7A1C989-79A7-4478-A590-2F6BB9D08EA8}"
EndProject
Global
	GlobalSection(SolutionConfigurationPlatforms) = preSolution
		Debug|Any CPU = Debug|Any CPU
		Release|Any CPU = Release|Any CPU
	EndGlobalSection
	GlobalSection(ProjectConfigurationPlatforms) = postSolution
		{18FA2B55-51A5-45B9-8236-BBA7BFA2FAD7}.Debug|Any CPU.ActiveCfg = Debug|Any CPU
		{18FA2B55-51A5-45B9-8236-BBA7BFA2FAD7}.Debug|Any CPU.Build.0 = Debug|Any CPU
		{18FA2B55-51A5-45B9-8236-BBA7BFA2FAD7}.Debug|Any CPU.Deploy.0 = Debug|Any CPU
		{18FA2B55-51A5-45B9-8236-BBA7BFA2FAD7}.Release|Any CPU.ActiveCfg = Release|Any CPU
		{18FA2B55-51A5-45B9-8236-BBA7BFA2FAD7}.Release|Any CPU.Build.0 = Release|Any CPU
		{18FA2B55-51A5-45B9-8236-BBA7BFA2FAD7}.Release|Any CPU.Deploy.0 = Release|Any CPU
		{B7A1C989-79A7-4478-A590-2F6BB9D08EA8}.Debug|Any CPU.ActiveCfg = Debug|Any CPU
		{B7A1C989-79A7-4478-A590-2F6BB9D08EA8}.Debug|Any CPU.Build.0 = Debug|Any CPU
		{B7A1C989-79A7-4478-A590-2F6BB9D08EA8}.Release|Any CPU.ActiveCfg = Release|Any CPU
		{B7A1C989-79A7-4478-A590-2F6BB9D08EA8}.Release|Any CPU.Build.0 = Release|Any CPU
	EndGlobalSection
	GlobalSection(SolutionProperties) = preSolution
		HideSolutionNode = FALSE
	EndGlobalSection
	GlobalSection(ExtensibilityGlobals) = postSolution
		SolutionGuid = {CE805547-64BC-4846-A9A2-D9D4EB030F1A}
	EndGlobalSection
EndGlobal
